
Microsoft Visual Studio Solution File, Format Version 12.00
# Visual Studio 15
VisualStudioVersion = 15.0.28307.779
MinimumVisualStudioVersion = 10.0.40219.1
Project("{8BC9CEB8-8B4A-11D0-8D11-00A0C91BC942}") = "Proyecto1_PA_JorgeGarcía_1220019", "Proyecto1_PA_JorgeGarcía_1220019\Proyecto1_PA_JorgeGarcía_1220019.vcxproj", "{2A93CBC6-E3B2-445D-BE0A-C1253E698F28}"
EndProject
Global
	GlobalSection(SolutionConfigurationPlatforms) = preSolution
		Debug|x64 = Debug|x64
		Debug|x86 = Debug|x86
		Release|x64 = Release|x64
		Release|x86 = Release|x86
	EndGlobalSection
	GlobalSection(ProjectConfigurationPlatforms) = postSolution
		{2A93CBC6-E3B2-445D-BE0A-C1253E698F28}.Debug|x64.ActiveCfg = Debug|x64
		{2A93CBC6-E3B2-445D-BE0A-C1253E698F28}.Debug|x64.Build.0 = Debug|x64
		{2A93CBC6-E3B2-445D-BE0A-C1253E698F28}.Debug|x86.ActiveCfg = Debug|Win32
		{2A93CBC6-E3B2-445D-BE0A-C1253E698F28}.Debug|x86.Build.0 = Debug|Win32
		{2A93CBC6-E3B2-445D-BE0A-C1253E698F28}.Release|x64.ActiveCfg = Release|x64
		{2A93CBC6-E3B2-445D-BE0A-C1253E698F28}.Release|x64.Build.0 = Release|x64
		{2A93CBC6-E3B2-445D-BE0A-C1253E698F28}.Release|x86.ActiveCfg = Release|Win32
		{2A93CBC6-E3B2-445D-BE0A-C1253E698F28}.Release|x86.Build.0 = Release|Win32
	EndGlobalSection
	GlobalSection(SolutionProperties) = preSolution
		HideSolutionNode = FALSE
	EndGlobalSection
	GlobalSection(ExtensibilityGlobals) = postSolution
		SolutionGuid = {7A9DA62E-65C4-4494-9F7D-005265A1F976}
	EndGlobalSection
EndGlobal
